
Microsoft Visual Studio Solution File, Format Version 12.00
# Visual Studio Version 17
VisualStudioVersion = 17.6.33801.468
MinimumVisualStudioVersion = 10.0.40219.1
Project("{888888A0-9F3D-457C-B088-3A5042F75D52}") = "Multiple choice quiz (with saving)", "Multiple choice quiz (with saving)\Multiple choice quiz (with saving).pyproj", "{7F386E70-CC3B-4FA3-87DD-31E6C4EE556B}"
EndProject
Global
	GlobalSection(SolutionConfigurationPlatforms) = preSolution
		Debug|Any CPU = Debug|Any CPU
		Release|Any CPU = Release|Any CPU
	EndGlobalSection
	GlobalSection(ProjectConfigurationPlatforms) = postSolution
		{7F386E70-CC3B-4FA3-87DD-31E6C4EE556B}.Debug|Any CPU.ActiveCfg = Debug|Any CPU
		{7F386E70-CC3B-4FA3-87DD-31E6C4EE556B}.Release|Any CPU.ActiveCfg = Release|Any CPU
	EndGlobalSection
	GlobalSection(SolutionProperties) = preSolution
		HideSolutionNode = FALSE
	EndGlobalSection
	GlobalSection(ExtensibilityGlobals) = postSolution
		SolutionGuid = {E0A5F79C-8170-4248-A545-78CA665D1165}
	EndGlobalSection
EndGlobal
